// !$*UTF8*$!
{
	archiveVersion = 1;
	classes = {
	};
	objectVersion = 46;
	objects = {

/* Begin PBXBuildFile section */
		7CD8EAEC1DC2273700364B70 /* AppDelegate.swift in Sources */ = {isa = PBXBuildFile; fileRef = 7CD8EAEB1DC2273700364B70 /* AppDelegate.swift */; };
		7CD8EAEE1DC2273700364B70 /* SignInVC.swift in Sources */ = {isa = PBXBuildFile; fileRef = 7CD8EAED1DC2273700364B70 /* SignInVC.swift */; };
		7CD8EAF11DC2273700364B70 /* Main.storyboard in Resources */ = {isa = PBXBuildFile; fileRef = 7CD8EAEF1DC2273700364B70 /* Main.storyboard */; };
		7CD8EAF31DC2273700364B70 /* Assets.xcassets in Resources */ = {isa = PBXBuildFile; fileRef = 7CD8EAF21DC2273700364B70 /* Assets.xcassets */; };
		7CD8EAF61DC2273700364B70 /* LaunchScreen.storyboard in Resources */ = {isa = PBXBuildFile; fileRef = 7CD8EAF41DC2273700364B70 /* LaunchScreen.storyboard */; };
		7CD8EAFE1DC2277300364B70 /* GoogleService-Info.plist in Resources */ = {isa = PBXBuildFile; fileRef = 7CD8EAFD1DC2277300364B70 /* GoogleService-Info.plist */; };
		7CD8EB031DC334AF00364B70 /* Lobster-Regular.ttf in Resources */ = {isa = PBXBuildFile; fileRef = 7CD8EB021DC334AF00364B70 /* Lobster-Regular.ttf */; };
		7CD8EB051DC3411800364B70 /* FancyView.swift in Sources */ = {isa = PBXBuildFile; fileRef = 7CD8EB041DC3411800364B70 /* FancyView.swift */; };
		7CD8EB081DC3416A00364B70 /* Constants.swift in Sources */ = {isa = PBXBuildFile; fileRef = 7CD8EB071DC3416A00364B70 /* Constants.swift */; };
		7CD8EB0A1DC346A600364B70 /* RoundedButton.swift in Sources */ = {isa = PBXBuildFile; fileRef = 7CD8EB091DC346A600364B70 /* RoundedButton.swift */; };
		7CD8EB0C1DC34A0300364B70 /* Shadowed.swift in Sources */ = {isa = PBXBuildFile; fileRef = 7CD8EB0B1DC34A0300364B70 /* Shadowed.swift */; };
		7CD8EB0E1DC34B7B00364B70 /* ShadowedImageView.swift in Sources */ = {isa = PBXBuildFile; fileRef = 7CD8EB0D1DC34B7B00364B70 /* ShadowedImageView.swift */; };
		7E261E4019ACAC8B58CC1CC1 /* Pods_MobileAppDemo.framework in Frameworks */ = {isa = PBXBuildFile; fileRef = C1DC89E60C4EF9590177D35E /* Pods_MobileAppDemo.framework */; };
/* End PBXBuildFile section */

/* Begin PBXFileReference section */
		24B7BF8F54A88453ECDDB33E /* Pods-MobileAppDemo.debug.xcconfig */ = {isa = PBXFileReference; includeInIndex = 1; lastKnownFileType = text.xcconfig; name = "Pods-MobileAppDemo.debug.xcconfig"; path = "Pods/Target Support Files/Pods-MobileAppDemo/Pods-MobileAppDemo.debug.xcconfig"; sourceTree = "<group>"; };
		50C289A9ED46CDF4460C2D1B /* Pods-MobileAppDemo.release.xcconfig */ = {isa = PBXFileReference; includeInIndex = 1; lastKnownFileType = text.xcconfig; name = "Pods-MobileAppDemo.release.xcconfig"; path = "Pods/Target Support Files/Pods-MobileAppDemo/Pods-MobileAppDemo.release.xcconfig"; sourceTree = "<group>"; };
		7CD8EAE81DC2273700364B70 /* MobileAppDemo.app */ = {isa = PBXFileReference; explicitFileType = wrapper.application; includeInIndex = 0; path = MobileAppDemo.app; sourceTree = BUILT_PRODUCTS_DIR; };
		7CD8EAEB1DC2273700364B70 /* AppDelegate.swift */ = {isa = PBXFileReference; lastKnownFileType = sourcecode.swift; path = AppDelegate.swift; sourceTree = "<group>"; };
		7CD8EAED1DC2273700364B70 /* SignInVC.swift */ = {isa = PBXFileReference; lastKnownFileType = sourcecode.swift; path = SignInVC.swift; sourceTree = "<group>"; };
		7CD8EAF01DC2273700364B70 /* Base */ = {isa = PBXFileReference; lastKnownFileType = file.storyboard; name = Base; path = Base.lproj/Main.storyboard; sourceTree = "<group>"; };
		7CD8EAF21DC2273700364B70 /* Assets.xcassets */ = {isa = PBXFileReference; lastKnownFileType = folder.assetcatalog; path = Assets.xcassets; sourceTree = "<group>"; };
		7CD8EAF51DC2273700364B70 /* Base */ = {isa = PBXFileReference; lastKnownFileType = file.storyboard; name = Base; path = Base.lproj/LaunchScreen.storyboard; sourceTree = "<group>"; };
		7CD8EAF71DC2273700364B70 /* Info.plist */ = {isa = PBXFileReference; lastKnownFileType = text.plist.xml; path = Info.plist; sourceTree = "<group>"; };
		7CD8EAFD1DC2277300364B70 /* GoogleService-Info.plist */ = {isa = PBXFileReference; fileEncoding = 4; lastKnownFileType = text.plist.xml; path = "GoogleService-Info.plist"; sourceTree = "<group>"; };
		7CD8EB021DC334AF00364B70 /* Lobster-Regular.ttf */ = {isa = PBXFileReference; lastKnownFileType = file; path = "Lobster-Regular.ttf"; sourceTree = "<group>"; };
		7CD8EB041DC3411800364B70 /* FancyView.swift */ = {isa = PBXFileReference; fileEncoding = 4; lastKnownFileType = sourcecode.swift; path = FancyView.swift; sourceTree = "<group>"; };
		7CD8EB071DC3416A00364B70 /* Constants.swift */ = {isa = PBXFileReference; fileEncoding = 4; lastKnownFileType = sourcecode.swift; path = Constants.swift; sourceTree = "<group>"; };
		7CD8EB091DC346A600364B70 /* RoundedButton.swift */ = {isa = PBXFileReference; fileEncoding = 4; lastKnownFileType = sourcecode.swift; path = RoundedButton.swift; sourceTree = "<group>"; };
		7CD8EB0B1DC34A0300364B70 /* Shadowed.swift */ = {isa = PBXFileReference; fileEncoding = 4; lastKnownFileType = sourcecode.swift; path = Shadowed.swift; sourceTree = "<group>"; };
		7CD8EB0D1DC34B7B00364B70 /* ShadowedImageView.swift */ = {isa = PBXFileReference; fileEncoding = 4; lastKnownFileType = sourcecode.swift; path = ShadowedImageView.swift; sourceTree = "<group>"; };
		C1DC89E60C4EF9590177D35E /* Pods_MobileAppDemo.framework */ = {isa = PBXFileReference; explicitFileType = wrapper.framework; includeInIndex = 0; path = Pods_MobileAppDemo.framework; sourceTree = BUILT_PRODUCTS_DIR; };
/* End PBXFileReference section */

/* Begin PBXFrameworksBuildPhase section */
		7CD8EAE51DC2273700364B70 /* Frameworks */ = {
			isa = PBXFrameworksBuildPhase;
			buildActionMask = 2147483647;
			files = (
				7E261E4019ACAC8B58CC1CC1 /* Pods_MobileAppDemo.framework in Frameworks */,
			);
			runOnlyForDeploymentPostprocessing = 0;
		};
/* End PBXFrameworksBuildPhase section */

/* Begin PBXGroup section */
		286127944F9AD44B37C24062 /* Frameworks */ = {
			isa = PBXGroup;
			children = (
				C1DC89E60C4EF9590177D35E /* Pods_MobileAppDemo.framework */,
			);
			name = Frameworks;
			sourceTree = "<group>";
		};
		73B5810B3694AAFF55ACFE3F /* Pods */ = {
			isa = PBXGroup;
			children = (
				24B7BF8F54A88453ECDDB33E /* Pods-MobileAppDemo.debug.xcconfig */,
				50C289A9ED46CDF4460C2D1B /* Pods-MobileAppDemo.release.xcconfig */,
			);
			name = Pods;
			sourceTree = "<group>";
		};
		7CD8EADF1DC2273700364B70 = {
			isa = PBXGroup;
			children = (
				7CD8EAEA1DC2273700364B70 /* MobileAppDemo */,
				7CD8EAE91DC2273700364B70 /* Products */,
				73B5810B3694AAFF55ACFE3F /* Pods */,
				286127944F9AD44B37C24062 /* Frameworks */,
			);
			sourceTree = "<group>";
		};
		7CD8EAE91DC2273700364B70 /* Products */ = {
			isa = PBXGroup;
			children = (
				7CD8EAE81DC2273700364B70 /* MobileAppDemo.app */,
			);
			name = Products;
			sourceTree = "<group>";
		};
		7CD8EAEA1DC2273700364B70 /* MobileAppDemo */ = {
			isa = PBXGroup;
			children = (
				7CD8EB061DC3415D00364B70 /* Util */,
				7CD8EB011DC31DF100364B70 /* Controller */,
				7CD8EB001DC31DEA00364B70 /* View */,
				7CD8EAFF1DC31DE300364B70 /* Model */,
				7CD8EAEB1DC2273700364B70 /* AppDelegate.swift */,
				7CD8EAEF1DC2273700364B70 /* Main.storyboard */,
				7CD8EAF21DC2273700364B70 /* Assets.xcassets */,
				7CD8EAF41DC2273700364B70 /* LaunchScreen.storyboard */,
				7CD8EB021DC334AF00364B70 /* Lobster-Regular.ttf */,
				7CD8EAFD1DC2277300364B70 /* GoogleService-Info.plist */,
				7CD8EAF71DC2273700364B70 /* Info.plist */,
			);
			path = MobileAppDemo;
			sourceTree = "<group>";
		};
		7CD8EAFF1DC31DE300364B70 /* Model */ = {
			isa = PBXGroup;
			children = (
			);
			name = Model;
			sourceTree = "<group>";
		};
		7CD8EB001DC31DEA00364B70 /* View */ = {
			isa = PBXGroup;
			children = (
				7CD8EB041DC3411800364B70 /* FancyView.swift */,
				7CD8EB091DC346A600364B70 /* RoundedButton.swift */,
				7CD8EB0B1DC34A0300364B70 /* Shadowed.swift */,
				7CD8EB0D1DC34B7B00364B70 /* ShadowedImageView.swift */,
			);
			name = View;
			sourceTree = "<group>";
		};
		7CD8EB011DC31DF100364B70 /* Controller */ = {
			isa = PBXGroup;
			children = (
				7CD8EAED1DC2273700364B70 /* SignInVC.swift */,
			);
			name = Controller;
			sourceTree = "<group>";
		};
		7CD8EB061DC3415D00364B70 /* Util */ = {
			isa = PBXGroup;
			children = (
				7CD8EB071DC3416A00364B70 /* Constants.swift */,
			);
			name = Util;
			sourceTree = "<group>";
		};
/* End PBXGroup section */

/* Begin PBXNativeTarget section */
		7CD8EAE71DC2273700364B70 /* MobileAppDemo */ = {
			isa = PBXNativeTarget;
			buildConfigurationList = 7CD8EAFA1DC2273700364B70 /* Build configuration list for PBXNativeTarget "MobileAppDemo" */;
			buildPhases = (
				5551F1592FBDA2C9C0E4EC89 /* [CP] Check Pods Manifest.lock */,
				7CD8EAE41DC2273700364B70 /* Sources */,
				7CD8EAE51DC2273700364B70 /* Frameworks */,
				7CD8EAE61DC2273700364B70 /* Resources */,
				8C05D947FFD56C22DA8603C7 /* [CP] Embed Pods Frameworks */,
				4DD24455C73EB3248D792228 /* [CP] Copy Pods Resources */,
			);
			buildRules = (
			);
			dependencies = (
			);
			name = MobileAppDemo;
			productName = MobileAppDemo;
			productReference = 7CD8EAE81DC2273700364B70 /* MobileAppDemo.app */;
			productType = "com.apple.product-type.application";
		};
/* End PBXNativeTarget section */

/* Begin PBXProject section */
		7CD8EAE01DC2273700364B70 /* Project object */ = {
			isa = PBXProject;
			attributes = {
				LastSwiftUpdateCheck = 0800;
				LastUpgradeCheck = 0800;
				ORGANIZATIONNAME = Mikkomario;
				TargetAttributes = {
					7CD8EAE71DC2273700364B70 = {
						CreatedOnToolsVersion = 8.0;
						ProvisioningStyle = Automatic;
					};
				};
			};
			buildConfigurationList = 7CD8EAE31DC2273700364B70 /* Build configuration list for PBXProject "MobileAppDemo" */;
			compatibilityVersion = "Xcode 3.2";
			developmentRegion = English;
			hasScannedForEncodings = 0;
			knownRegions = (
				en,
				Base,
			);
			mainGroup = 7CD8EADF1DC2273700364B70;
			productRefGroup = 7CD8EAE91DC2273700364B70 /* Products */;
			projectDirPath = "";
			projectRoot = "";
			targets = (
				7CD8EAE71DC2273700364B70 /* MobileAppDemo */,
			);
		};
/* End PBXProject section */

/* Begin PBXResourcesBuildPhase section */
		7CD8EAE61DC2273700364B70 /* Resources */ = {
			isa = PBXResourcesBuildPhase;
			buildActionMask = 2147483647;
			files = (
				7CD8EB031DC334AF00364B70 /* Lobster-Regular.ttf in Resources */,
				7CD8EAF61DC2273700364B70 /* LaunchScreen.storyboard in Resources */,
				7CD8EAFE1DC2277300364B70 /* GoogleService-Info.plist in Resources */,
				7CD8EAF31DC2273700364B70 /* Assets.xcassets in Resources */,
				7CD8EAF11DC2273700364B70 /* Main.storyboard in Resources */,
			);
			runOnlyForDeploymentPostprocessing = 0;
		};
/* End PBXResourcesBuildPhase section */

/* Begin PBXShellScriptBuildPhase section */
		4DD24455C73EB3248D792228 /* [CP] Copy Pods Resources */ = {
			isa = PBXShellScriptBuildPhase;
			buildActionMask = 2147483647;
			files = (
			);
			inputPaths = (
			);
			name = "[CP] Copy Pods Resources";
			outputPaths = (
			);
			runOnlyForDeploymentPostprocessing = 0;
			shellPath = /bin/sh;
			shellScript = "\"${SRCROOT}/Pods/Target Support Files/Pods-MobileAppDemo/Pods-MobileAppDemo-resources.sh\"\n";
			showEnvVarsInLog = 0;
		};
		5551F1592FBDA2C9C0E4EC89 /* [CP] Check Pods Manifest.lock */ = {
			isa = PBXShellScriptBuildPhase;
			buildActionMask = 2147483647;
			files = (
			);
			inputPaths = (
			);
			name = "[CP] Check Pods Manifest.lock";
			outputPaths = (
			);
			runOnlyForDeploymentPostprocessing = 0;
			shellPath = /bin/sh;
			shellScript = "diff \"${PODS_ROOT}/../Podfile.lock\" \"${PODS_ROOT}/Manifest.lock\" > /dev/null\nif [[ $? != 0 ]] ; then\n    cat << EOM\nerror: The sandbox is not in sync with the Podfile.lock. Run 'pod install' or update your CocoaPods installation.\nEOM\n    exit 1\nfi\n";
			showEnvVarsInLog = 0;
		};
		8C05D947FFD56C22DA8603C7 /* [CP] Embed Pods Frameworks */ = {
			isa = PBXShellScriptBuildPhase;
			buildActionMask = 2147483647;
			files = (
			);
			inputPaths = (
			);
			name = "[CP] Embed Pods Frameworks";
			outputPaths = (
			);
			runOnlyForDeploymentPostprocessing = 0;
			shellPath = /bin/sh;
			shellScript = "\"${SRCROOT}/Pods/Target Support Files/Pods-MobileAppDemo/Pods-MobileAppDemo-frameworks.sh\"\n";
			showEnvVarsInLog = 0;
		};
/* End PBXShellScriptBuildPhase section */

/* Begin PBXSourcesBuildPhase section */
		7CD8EAE41DC2273700364B70 /* Sources */ = {
			isa = PBXSourcesBuildPhase;
			buildActionMask = 2147483647;
			files = (
				7CD8EB0C1DC34A0300364B70 /* Shadowed.swift in Sources */,
				7CD8EAEE1DC2273700364B70 /* SignInVC.swift in Sources */,
				7CD8EB0A1DC346A600364B70 /* RoundedButton.swift in Sources */,
				7CD8EAEC1DC2273700364B70 /* AppDelegate.swift in Sources */,
				7CD8EB051DC3411800364B70 /* FancyView.swift in Sources */,
				7CD8EB081DC3416A00364B70 /* Constants.swift in Sources */,
				7CD8EB0E1DC34B7B00364B70 /* ShadowedImageView.swift in Sources */,
			);
			runOnlyForDeploymentPostprocessing = 0;
		};
/* End PBXSourcesBuildPhase section */

/* Begin PBXVariantGroup section */
		7CD8EAEF1DC2273700364B70 /* Main.storyboard */ = {
			isa = PBXVariantGroup;
			children = (
				7CD8EAF01DC2273700364B70 /* Base */,
			);
			name = Main.storyboard;
			sourceTree = "<group>";
		};
		7CD8EAF41DC2273700364B70 /* LaunchScreen.storyboard */ = {
			isa = PBXVariantGroup;
			children = (
				7CD8EAF51DC2273700364B70 /* Base */,
			);
			name = LaunchScreen.storyboard;
			sourceTree = "<group>";
		};
/* End PBXVariantGroup section */

/* Begin XCBuildConfiguration section */
		7CD8EAF81DC2273700364B70 /* Debug */ = {
			isa = XCBuildConfiguration;
			buildSettings = {
				ALWAYS_SEARCH_USER_PATHS = NO;
				CLANG_ANALYZER_NONNULL = YES;
				CLANG_CXX_LANGUAGE_STANDARD = "gnu++0x";
				CLANG_CXX_LIBRARY = "libc++";
				CLANG_ENABLE_MODULES = YES;
				CLANG_ENABLE_OBJC_ARC = YES;
				CLANG_WARN_BOOL_CONVERSION = YES;
				CLANG_WARN_CONSTANT_CONVERSION = YES;
				CLANG_WARN_DIRECT_OBJC_ISA_USAGE = YES_ERROR;
				CLANG_WARN_DOCUMENTATION_COMMENTS = YES;
				CLANG_WARN_EMPTY_BODY = YES;
				CLANG_WARN_ENUM_CONVERSION = YES;
				CLANG_WARN_INFINITE_RECURSION = YES;
				CLANG_WARN_INT_CONVERSION = YES;
				CLANG_WARN_OBJC_ROOT_CLASS = YES_ERROR;
				CLANG_WARN_SUSPICIOUS_MOVES = YES;
				CLANG_WARN_UNREACHABLE_CODE = YES;
				CLANG_WARN__DUPLICATE_METHOD_MATCH = YES;
				"CODE_SIGN_IDENTITY[sdk=iphoneos*]" = "iPhone Developer";
				COPY_PHASE_STRIP = NO;
				DEBUG_INFORMATION_FORMAT = dwarf;
				ENABLE_STRICT_OBJC_MSGSEND = YES;
				ENABLE_TESTABILITY = YES;
				GCC_C_LANGUAGE_STANDARD = gnu99;
				GCC_DYNAMIC_NO_PIC = NO;
				GCC_NO_COMMON_BLOCKS = YES;
				GCC_OPTIMIZATION_LEVEL = 0;
				GCC_PREPROCESSOR_DEFINITIONS = (
					"DEBUG=1",
					"$(inherited)",
				);
				GCC_WARN_64_TO_32_BIT_CONVERSION = YES;
				GCC_WARN_ABOUT_RETURN_TYPE = YES_ERROR;
				GCC_WARN_UNDECLARED_SELECTOR = YES;
				GCC_WARN_UNINITIALIZED_AUTOS = YES_AGGRESSIVE;
				GCC_WARN_UNUSED_FUNCTION = YES;
				GCC_WARN_UNUSED_VARIABLE = YES;
				IPHONEOS_DEPLOYMENT_TARGET = 10.0;
				MTL_ENABLE_DEBUG_INFO = YES;
				ONLY_ACTIVE_ARCH = YES;
				SDKROOT = iphoneos;
				SWIFT_ACTIVE_COMPILATION_CONDITIONS = DEBUG;
				SWIFT_OPTIMIZATION_LEVEL = "-Onone";
				TARGETED_DEVICE_FAMILY = "1,2";
			};
			name = Debug;
		};
		7CD8EAF91DC2273700364B70 /* Release */ = {
			isa = XCBuildConfiguration;
			buildSettings = {
				ALWAYS_SEARCH_USER_PATHS = NO;
				CLANG_ANALYZER_NONNULL = YES;
				CLANG_CXX_LANGUAGE_STANDARD = "gnu++0x";
				CLANG_CXX_LIBRARY = "libc++";
				CLANG_ENABLE_MODULES = YES;
				CLANG_ENABLE_OBJC_ARC = YES;
				CLANG_WARN_BOOL_CONVERSION = YES;
				CLANG_WARN_CONSTANT_CONVERSION = YES;
				CLANG_WARN_DIRECT_OBJC_ISA_USAGE = YES_ERROR;
				CLANG_WARN_DOCUMENTATION_COMMENTS = YES;
				CLANG_WARN_EMPTY_BODY = YES;
				CLANG_WARN_ENUM_CONVERSION = YES;
				CLANG_WARN_INFINITE_RECURSION = YES;
				CLANG_WARN_INT_CONVERSION = YES;
				CLANG_WARN_OBJC_ROOT_CLASS = YES_ERROR;
				CLANG_WARN_SUSPICIOUS_MOVES = YES;
				CLANG_WARN_UNREACHABLE_CODE = YES;
				CLANG_WARN__DUPLICATE_METHOD_MATCH = YES;
				"CODE_SIGN_IDENTITY[sdk=iphoneos*]" = "iPhone Developer";
				COPY_PHASE_STRIP = NO;
				DEBUG_INFORMATION_FORMAT = "dwarf-with-dsym";
				ENABLE_NS_ASSERTIONS = NO;
				ENABLE_STRICT_OBJC_MSGSEND = YES;
				GCC_C_LANGUAGE_STANDARD = gnu99;
				GCC_NO_COMMON_BLOCKS = YES;
				GCC_WARN_64_TO_32_BIT_CONVERSION = YES;
				GCC_WARN_ABOUT_RETURN_TYPE = YES_ERROR;
				GCC_WARN_UNDECLARED_SELECTOR = YES;
				GCC_WARN_UNINITIALIZED_AUTOS = YES_AGGRESSIVE;
				GCC_WARN_UNUSED_FUNCTION = YES;
				GCC_WARN_UNUSED_VARIABLE = YES;
				IPHONEOS_DEPLOYMENT_TARGET = 10.0;
				MTL_ENABLE_DEBUG_INFO = NO;
				SDKROOT = iphoneos;
				SWIFT_OPTIMIZATION_LEVEL = "-Owholemodule";
				TARGETED_DEVICE_FAMILY = "1,2";
				VALIDATE_PRODUCT = YES;
			};
			name = Release;
		};
		7CD8EAFB1DC2273700364B70 /* Debug */ = {
			isa = XCBuildConfiguration;
			baseConfigurationReference = 24B7BF8F54A88453ECDDB33E /* Pods-MobileAppDemo.debug.xcconfig */;
			buildSettings = {
				ASSETCATALOG_COMPILER_APPICON_NAME = AppIcon;
				INFOPLIST_FILE = MobileAppDemo/Info.plist;
				LD_RUNPATH_SEARCH_PATHS = "$(inherited) @executable_path/Frameworks";
				PRODUCT_BUNDLE_IDENTIFIER = mikkomario.MobileAppDemo;
				PRODUCT_NAME = "$(TARGET_NAME)";
				SWIFT_VERSION = 3.0;
			};
			name = Debug;
		};
		7CD8EAFC1DC2273700364B70 /* Release */ = {
			isa = XCBuildConfiguration;
			baseConfigurationReference = 50C289A9ED46CDF4460C2D1B /* Pods-MobileAppDemo.release.xcconfig */;
			buildSettings = {
				ASSETCATALOG_COMPILER_APPICON_NAME = AppIcon;
				INFOPLIST_FILE = MobileAppDemo/Info.plist;
				LD_RUNPATH_SEARCH_PATHS = "$(inherited) @executable_path/Frameworks";
				PRODUCT_BUNDLE_IDENTIFIER = mikkomario.MobileAppDemo;
				PRODUCT_NAME = "$(TARGET_NAME)";
				SWIFT_VERSION = 3.0;
			};
			name = Release;
		};
/* End XCBuildConfiguration section */

/* Begin XCConfigurationList section */
		7CD8EAE31DC2273700364B70 /* Build configuration list for PBXProject "MobileAppDemo" */ = {
			isa = XCConfigurationList;
			buildConfigurations = (
				7CD8EAF81DC2273700364B70 /* Debug */,
				7CD8EAF91DC2273700364B70 /* Release */,
			);
			defaultConfigurationIsVisible = 0;
			defaultConfigurationName = Release;
		};
		7CD8EAFA1DC2273700364B70 /* Build configuration list for PBXNativeTarget "MobileAppDemo" */ = {
			isa = XCConfigurationList;
			buildConfigurations = (
				7CD8EAFB1DC2273700364B70 /* Debug */,
				7CD8EAFC1DC2273700364B70 /* Release */,
			);
			defaultConfigurationIsVisible = 0;
			defaultConfigurationName = Release;
		};
/* End XCConfigurationList section */
	};
	rootObject = 7CD8EAE01DC2273700364B70 /* Project object */;
}
